// !$*UTF8*$!
{
	archiveVersion = 1;
	classes = {
	};
	objectVersion = 56;
	objects = {

/* Begin PBXBuildFile section */
		C004161F2B2C595E0066554C /* map_tApp.swift in Sources */ = {isa = PBXBuildFile; fileRef = C004161E2B2C595E0066554C /* map_tApp.swift */; };
		C00416212B2C595E0066554C /* ContentView.swift in Sources */ = {isa = PBXBuildFile; fileRef = C00416202B2C595E0066554C /* ContentView.swift */; };
		C00416232B2C59600066554C /* Assets.xcassets in Resources */ = {isa = PBXBuildFile; fileRef = C00416222B2C59600066554C /* Assets.xcassets */; };
		C00416262B2C59600066554C /* Preview Assets.xcassets in Resources */ = {isa = PBXBuildFile; fileRef = C00416252B2C59600066554C /* Preview Assets.xcassets */; };
		C00416302B2C59600066554C /* map_tTests.swift in Sources */ = {isa = PBXBuildFile; fileRef = C004162F2B2C59600066554C /* map_tTests.swift */; };
		C004163A2B2C59600066554C /* map_tUITests.swift in Sources */ = {isa = PBXBuildFile; fileRef = C00416392B2C59600066554C /* map_tUITests.swift */; };
		C004163C2B2C59600066554C /* map_tUITestsLaunchTests.swift in Sources */ = {isa = PBXBuildFile; fileRef = C004163B2B2C59600066554C /* map_tUITestsLaunchTests.swift */; };
		C00416492B2C5E4C0066554C /* BeantownButtons.swift in Sources */ = {isa = PBXBuildFile; fileRef = C00416482B2C5E4B0066554C /* BeantownButtons.swift */; };
		C08BFFB32B2FECC100541A63 /* ItemInfoView.swift in Sources */ = {isa = PBXBuildFile; fileRef = C08BFFB22B2FECC100541A63 /* ItemInfoView.swift */; };
/* End PBXBuildFile section */

/* Begin PBXContainerItemProxy section */
		C004162C2B2C59600066554C /* PBXContainerItemProxy */ = {
			isa = PBXContainerItemProxy;
			containerPortal = C00416132B2C595E0066554C /* Project object */;
			proxyType = 1;
			remoteGlobalIDString = C004161A2B2C595E0066554C;
			remoteInfo = map_t;
		};
		C00416362B2C59600066554C /* PBXContainerItemProxy */ = {
			isa = PBXContainerItemProxy;
			containerPortal = C00416132B2C595E0066554C /* Project object */;
			proxyType = 1;
			remoteGlobalIDString = C004161A2B2C595E0066554C;
			remoteInfo = map_t;
		};
/* End PBXContainerItemProxy section */

/* Begin PBXFileReference section */
		C004161B2B2C595E0066554C /* map_t.app */ = {isa = PBXFileReference; explicitFileType = wrapper.application; includeInIndex = 0; path = map_t.app; sourceTree = BUILT_PRODUCTS_DIR; };
		C004161E2B2C595E0066554C /* map_tApp.swift */ = {isa = PBXFileReference; lastKnownFileType = sourcecode.swift; path = map_tApp.swift; sourceTree = "<group>"; };
		C00416202B2C595E0066554C /* ContentView.swift */ = {isa = PBXFileReference; lastKnownFileType = sourcecode.swift; path = ContentView.swift; sourceTree = "<group>"; };
		C00416222B2C59600066554C /* Assets.xcassets */ = {isa = PBXFileReference; lastKnownFileType = folder.assetcatalog; path = Assets.xcassets; sourceTree = "<group>"; };
		C00416252B2C59600066554C /* Preview Assets.xcassets */ = {isa = PBXFileReference; lastKnownFileType = folder.assetcatalog; path = "Preview Assets.xcassets"; sourceTree = "<group>"; };
		C004162B2B2C59600066554C /* map_tTests.xctest */ = {isa = PBXFileReference; explicitFileType = wrapper.cfbundle; includeInIndex = 0; path = map_tTests.xctest; sourceTree = BUILT_PRODUCTS_DIR; };
		C004162F2B2C59600066554C /* map_tTests.swift */ = {isa = PBXFileReference; lastKnownFileType = sourcecode.swift; path = map_tTests.swift; sourceTree = "<group>"; };
		C00416352B2C59600066554C /* map_tUITests.xctest */ = {isa = PBXFileReference; explicitFileType = wrapper.cfbundle; includeInIndex = 0; path = map_tUITests.xctest; sourceTree = BUILT_PRODUCTS_DIR; };
		C00416392B2C59600066554C /* map_tUITests.swift */ = {isa = PBXFileReference; lastKnownFileType = sourcecode.swift; path = map_tUITests.swift; sourceTree = "<group>"; };
		C004163B2B2C59600066554C /* map_tUITestsLaunchTests.swift */ = {isa = PBXFileReference; lastKnownFileType = sourcecode.swift; path = map_tUITestsLaunchTests.swift; sourceTree = "<group>"; };
		C00416482B2C5E4B0066554C /* BeantownButtons.swift */ = {isa = PBXFileReference; lastKnownFileType = sourcecode.swift; path = BeantownButtons.swift; sourceTree = "<group>"; };
		C08BFFB22B2FECC100541A63 /* ItemInfoView.swift */ = {isa = PBXFileReference; lastKnownFileType = sourcecode.swift; path = ItemInfoView.swift; sourceTree = "<group>"; };
/* End PBXFileReference section */

/* Begin PBXFrameworksBuildPhase section */
		C00416182B2C595E0066554C /* Frameworks */ = {
			isa = PBXFrameworksBuildPhase;
			buildActionMask = 2147483647;
			files = (
			);
			runOnlyForDeploymentPostprocessing = 0;
		};
		C00416282B2C59600066554C /* Frameworks */ = {
			isa = PBXFrameworksBuildPhase;
			buildActionMask = 2147483647;
			files = (
			);
			runOnlyForDeploymentPostprocessing = 0;
		};
		C00416322B2C59600066554C /* Frameworks */ = {
			isa = PBXFrameworksBuildPhase;
			buildActionMask = 2147483647;
			files = (
			);
			runOnlyForDeploymentPostprocessing = 0;
		};
/* End PBXFrameworksBuildPhase section */

/* Begin PBXGroup section */
		C00416122B2C595E0066554C = {
			isa = PBXGroup;
			children = (
				C004161D2B2C595E0066554C /* map_t */,
				C004162E2B2C59600066554C /* map_tTests */,
				C00416382B2C59600066554C /* map_tUITests */,
				C004161C2B2C595E0066554C /* Products */,
			);
			sourceTree = "<group>";
		};
		C004161C2B2C595E0066554C /* Products */ = {
			isa = PBXGroup;
			children = (
				C004161B2B2C595E0066554C /* map_t.app */,
				C004162B2B2C59600066554C /* map_tTests.xctest */,
				C00416352B2C59600066554C /* map_tUITests.xctest */,
			);
			name = Products;
			sourceTree = "<group>";
		};
		C004161D2B2C595E0066554C /* map_t */ = {
			isa = PBXGroup;
			children = (
				C00416482B2C5E4B0066554C /* BeantownButtons.swift */,
				C004161E2B2C595E0066554C /* map_tApp.swift */,
				C00416202B2C595E0066554C /* ContentView.swift */,
				C00416222B2C59600066554C /* Assets.xcassets */,
				C00416242B2C59600066554C /* Preview Content */,
				C08BFFB22B2FECC100541A63 /* ItemInfoView.swift */,
			);
			path = map_t;
			sourceTree = "<group>";
		};
		C00416242B2C59600066554C /* Preview Content */ = {
			isa = PBXGroup;
			children = (
				C00416252B2C59600066554C /* Preview Assets.xcassets */,
			);
			path = "Preview Content";
			sourceTree = "<group>";
		};
		C004162E2B2C59600066554C /* map_tTests */ = {
			isa = PBXGroup;
			children = (
				C004162F2B2C59600066554C /* map_tTests.swift */,
			);
			path = map_tTests;
			sourceTree = "<group>";
		};
		C00416382B2C59600066554C /* map_tUITests */ = {
			isa = PBXGroup;
			children = (
				C00416392B2C59600066554C /* map_tUITests.swift */,
				C004163B2B2C59600066554C /* map_tUITestsLaunchTests.swift */,
			);
			path = map_tUITests;
			sourceTree = "<group>";
		};
/* End PBXGroup section */

/* Begin PBXNativeTarget section */
		C004161A2B2C595E0066554C /* map_t */ = {
			isa = PBXNativeTarget;
			buildConfigurationList = C004163F2B2C59600066554C /* Build configuration list for PBXNativeTarget "map_t" */;
			buildPhases = (
				C00416172B2C595E0066554C /* Sources */,
				C00416182B2C595E0066554C /* Frameworks */,
				C00416192B2C595E0066554C /* Resources */,
			);
			buildRules = (
			);
			dependencies = (
			);
			name = map_t;
			productName = map_t;
			productReference = C004161B2B2C595E0066554C /* map_t.app */;
			productType = "com.apple.product-type.application";
		};
		C004162A2B2C59600066554C /* map_tTests */ = {
			isa = PBXNativeTarget;
			buildConfigurationList = C00416422B2C59600066554C /* Build configuration list for PBXNativeTarget "map_tTests" */;
			buildPhases = (
				C00416272B2C59600066554C /* Sources */,
				C00416282B2C59600066554C /* Frameworks */,
				C00416292B2C59600066554C /* Resources */,
			);
			buildRules = (
			);
			dependencies = (
				C004162D2B2C59600066554C /* PBXTargetDependency */,
			);
			name = map_tTests;
			productName = map_tTests;
			productReference = C004162B2B2C59600066554C /* map_tTests.xctest */;
			productType = "com.apple.product-type.bundle.unit-test";
		};
		C00416342B2C59600066554C /* map_tUITests */ = {
			isa = PBXNativeTarget;
			buildConfigurationList = C00416452B2C59600066554C /* Build configuration list for PBXNativeTarget "map_tUITests" */;
			buildPhases = (
				C00416312B2C59600066554C /* Sources */,
				C00416322B2C59600066554C /* Frameworks */,
				C00416332B2C59600066554C /* Resources */,
			);
			buildRules = (
			);
			dependencies = (
				C00416372B2C59600066554C /* PBXTargetDependency */,
			);
			name = map_tUITests;
			productName = map_tUITests;
			productReference = C00416352B2C59600066554C /* map_tUITests.xctest */;
			productType = "com.apple.product-type.bundle.ui-testing";
		};
/* End PBXNativeTarget section */

/* Begin PBXProject section */
		C00416132B2C595E0066554C /* Project object */ = {
			isa = PBXProject;
			attributes = {
				BuildIndependentTargetsInParallel = 1;
				LastSwiftUpdateCheck = 1500;
				LastUpgradeCheck = 1500;
				TargetAttributes = {
					C004161A2B2C595E0066554C = {
						CreatedOnToolsVersion = 15.0.1;
					};
					C004162A2B2C59600066554C = {
						CreatedOnToolsVersion = 15.0.1;
						TestTargetID = C004161A2B2C595E0066554C;
					};
					C00416342B2C59600066554C = {
						CreatedOnToolsVersion = 15.0.1;
						TestTargetID = C004161A2B2C595E0066554C;
					};
				};
			};
			buildConfigurationList = C00416162B2C595E0066554C /* Build configuration list for PBXProject "map_t" */;
			compatibilityVersion = "Xcode 14.0";
			developmentRegion = en;
			hasScannedForEncodings = 0;
			knownRegions = (
				en,
				Base,
			);
			mainGroup = C00416122B2C595E0066554C;
			productRefGroup = C004161C2B2C595E0066554C /* Products */;
			projectDirPath = "";
			projectRoot = "";
			targets = (
				C004161A2B2C595E0066554C /* map_t */,
				C004162A2B2C59600066554C /* map_tTests */,
				C00416342B2C59600066554C /* map_tUITests */,
			);
		};
/* End PBXProject section */

/* Begin PBXResourcesBuildPhase section */
		C00416192B2C595E0066554C /* Resources */ = {
			isa = PBXResourcesBuildPhase;
			buildActionMask = 2147483647;
			files = (
				C00416262B2C59600066554C /* Preview Assets.xcassets in Resources */,
				C00416232B2C59600066554C /* Assets.xcassets in Resources */,
			);
			runOnlyForDeploymentPostprocessing = 0;
		};
		C00416292B2C59600066554C /* Resources */ = {
			isa = PBXResourcesBuildPhase;
			buildActionMask = 2147483647;
			files = (
			);
			runOnlyForDeploymentPostprocessing = 0;
		};
		C00416332B2C59600066554C /* Resources */ = {
			isa = PBXResourcesBuildPhase;
			buildActionMask = 2147483647;
			files = (
			);
			runOnlyForDeploymentPostprocessing = 0;
		};
/* End PBXResourcesBuildPhase section */

/* Begin PBXSourcesBuildPhase section */
		C00416172B2C595E0066554C /* Sources */ = {
			isa = PBXSourcesBuildPhase;
			buildActionMask = 2147483647;
			files = (
				C00416212B2C595E0066554C /* ContentView.swift in Sources */,
				C00416492B2C5E4C0066554C /* BeantownButtons.swift in Sources */,
				C004161F2B2C595E0066554C /* map_tApp.swift in Sources */,
				C08BFFB32B2FECC100541A63 /* ItemInfoView.swift in Sources */,
			);
			runOnlyForDeploymentPostprocessing = 0;
		};
		C00416272B2C59600066554C /* Sources */ = {
			isa = PBXSourcesBuildPhase;
			buildActionMask = 2147483647;
			files = (
				C00416302B2C59600066554C /* map_tTests.swift in Sources */,
			);
			runOnlyForDeploymentPostprocessing = 0;
		};
		C00416312B2C59600066554C /* Sources */ = {
			isa = PBXSourcesBuildPhase;
			buildActionMask = 2147483647;
			files = (
				C004163C2B2C59600066554C /* map_tUITestsLaunchTests.swift in Sources */,
				C004163A2B2C59600066554C /* map_tUITests.swift in Sources */,
			);
			runOnlyForDeploymentPostprocessing = 0;
		};
/* End PBXSourcesBuildPhase section */

/* Begin PBXTargetDependency section */
		C004162D2B2C59600066554C /* PBXTargetDependency */ = {
			isa = PBXTargetDependency;
			target = C004161A2B2C595E0066554C /* map_t */;
			targetProxy = C004162C2B2C59600066554C /* PBXContainerItemProxy */;
		};
		C00416372B2C59600066554C /* PBXTargetDependency */ = {
			isa = PBXTargetDependency;
			target = C004161A2B2C595E0066554C /* map_t */;
			targetProxy = C00416362B2C59600066554C /* PBXContainerItemProxy */;
		};
/* End PBXTargetDependency section */

/* Begin XCBuildConfiguration section */
		C004163D2B2C59600066554C /* Debug */ = {
			isa = XCBuildConfiguration;
			buildSettings = {
				ALWAYS_SEARCH_USER_PATHS = NO;
				ASSETCATALOG_COMPILER_GENERATE_SWIFT_ASSET_SYMBOL_EXTENSIONS = YES;
				CLANG_ANALYZER_NONNULL = YES;
				CLANG_ANALYZER_NUMBER_OBJECT_CONVERSION = YES_AGGRESSIVE;
				CLANG_CXX_LANGUAGE_STANDARD = "gnu++20";
				CLANG_ENABLE_MODULES = YES;
				CLANG_ENABLE_OBJC_ARC = YES;
				CLANG_ENABLE_OBJC_WEAK = YES;
				CLANG_WARN_BLOCK_CAPTURE_AUTORELEASING = YES;
				CLANG_WARN_BOOL_CONVERSION = YES;
				CLANG_WARN_COMMA = YES;
				CLANG_WARN_CONSTANT_CONVERSION = YES;
				CLANG_WARN_DEPRECATED_OBJC_IMPLEMENTATIONS = YES;
				CLANG_WARN_DIRECT_OBJC_ISA_USAGE = YES_ERROR;
				CLANG_WARN_DOCUMENTATION_COMMENTS = YES;
				CLANG_WARN_EMPTY_BODY = YES;
				CLANG_WARN_ENUM_CONVERSION = YES;
				CLANG_WARN_INFINITE_RECURSION = YES;
				CLANG_WARN_INT_CONVERSION = YES;
				CLANG_WARN_NON_LITERAL_NULL_CONVERSION = YES;
				CLANG_WARN_OBJC_IMPLICIT_RETAIN_SELF = YES;
				CLANG_WARN_OBJC_LITERAL_CONVERSION = YES;
				CLANG_WARN_OBJC_ROOT_CLASS = YES_ERROR;
				CLANG_WARN_QUOTED_INCLUDE_IN_FRAMEWORK_HEADER = YES;
				CLANG_WARN_RANGE_LOOP_ANALYSIS = YES;
				CLANG_WARN_STRICT_PROTOTYPES = YES;
				CLANG_WARN_SUSPICIOUS_MOVE = YES;
				CLANG_WARN_UNGUARDED_AVAILABILITY = YES_AGGRESSIVE;
				CLANG_WARN_UNREACHABLE_CODE = YES;
				CLANG_WARN__DUPLICATE_METHOD_MATCH = YES;
				COPY_PHASE_STRIP = NO;
				DEBUG_INFORMATION_FORMAT = dwarf;
				ENABLE_STRICT_OBJC_MSGSEND = YES;
				ENABLE_TESTABILITY = YES;
				ENABLE_USER_SCRIPT_SANDBOXING = YES;
				GCC_C_LANGUAGE_STANDARD = gnu17;
				GCC_DYNAMIC_NO_PIC = NO;
				GCC_NO_COMMON_BLOCKS = YES;
				GCC_OPTIMIZATION_LEVEL = 0;
				GCC_PREPROCESSOR_DEFINITIONS = (
					"DEBUG=1",
					"$(inherited)",
				);
				GCC_WARN_64_TO_32_BIT_CONVERSION = YES;
				GCC_WARN_ABOUT_RETURN_TYPE = YES_ERROR;
				GCC_WARN_UNDECLARED_SELECTOR = YES;
				GCC_WARN_UNINITIALIZED_AUTOS = YES_AGGRESSIVE;
				GCC_WARN_UNUSED_FUNCTION = YES;
				GCC_WARN_UNUSED_VARIABLE = YES;
				IPHONEOS_DEPLOYMENT_TARGET = 17.0;
				LOCALIZATION_PREFERS_STRING_CATALOGS = YES;
				MTL_ENABLE_DEBUG_INFO = INCLUDE_SOURCE;
				MTL_FAST_MATH = YES;
				ONLY_ACTIVE_ARCH = YES;
				SDKROOT = iphoneos;
				SWIFT_ACTIVE_COMPILATION_CONDITIONS = "DEBUG $(inherited)";
				SWIFT_OPTIMIZATION_LEVEL = "-Onone";
			};
			name = Debug;
		};
		C004163E2B2C59600066554C /* Release */ = {
			isa = XCBuildConfiguration;
			buildSettings = {
				ALWAYS_SEARCH_USER_PATHS = NO;
				ASSETCATALOG_COMPILER_GENERATE_SWIFT_ASSET_SYMBOL_EXTENSIONS = YES;
				CLANG_ANALYZER_NONNULL = YES;
				CLANG_ANALYZER_NUMBER_OBJECT_CONVERSION = YES_AGGRESSIVE;
				CLANG_CXX_LANGUAGE_STANDARD = "gnu++20";
				CLANG_ENABLE_MODULES = YES;
				CLANG_ENABLE_OBJC_ARC = YES;
				CLANG_ENABLE_OBJC_WEAK = YES;
				CLANG_WARN_BLOCK_CAPTURE_AUTORELEASING = YES;
				CLANG_WARN_BOOL_CONVERSION = YES;
				CLANG_WARN_COMMA = YES;
				CLANG_WARN_CONSTANT_CONVERSION = YES;
				CLANG_WARN_DEPRECATED_OBJC_IMPLEMENTATIONS = YES;
				CLANG_WARN_DIRECT_OBJC_ISA_USAGE = YES_ERROR;
				CLANG_WARN_DOCUMENTATION_COMMENTS = YES;
				CLANG_WARN_EMPTY_BODY = YES;
				CLANG_WARN_ENUM_CONVERSION = YES;
				CLANG_WARN_INFINITE_RECURSION = YES;
				CLANG_WARN_INT_CONVERSION = YES;
				CLANG_WARN_NON_LITERAL_NULL_CONVERSION = YES;
				CLANG_WARN_OBJC_IMPLICIT_RETAIN_SELF = YES;
				CLANG_WARN_OBJC_LITERAL_CONVERSION = YES;
				CLANG_WARN_OBJC_ROOT_CLASS = YES_ERROR;
				CLANG_WARN_QUOTED_INCLUDE_IN_FRAMEWORK_HEADER = YES;
				CLANG_WARN_RANGE_LOOP_ANALYSIS = YES;
				CLANG_WARN_STRICT_PROTOTYPES = YES;
				CLANG_WARN_SUSPICIOUS_MOVE = YES;
				CLANG_WARN_UNGUARDED_AVAILABILITY = YES_AGGRESSIVE;
				CLANG_WARN_UNREACHABLE_CODE = YES;
				CLANG_WARN__DUPLICATE_METHOD_MATCH = YES;
				COPY_PHASE_STRIP = NO;
				DEBUG_INFORMATION_FORMAT = "dwarf-with-dsym";
				ENABLE_NS_ASSERTIONS = NO;
				ENABLE_STRICT_OBJC_MSGSEND = YES;
				ENABLE_USER_SCRIPT_SANDBOXING = YES;
				GCC_C_LANGUAGE_STANDARD = gnu17;
				GCC_NO_COMMON_BLOCKS = YES;
				GCC_WARN_64_TO_32_BIT_CONVERSION = YES;
				GCC_WARN_ABOUT_RETURN_TYPE = YES_ERROR;
				GCC_WARN_UNDECLARED_SELECTOR = YES;
				GCC_WARN_UNINITIALIZED_AUTOS = YES_AGGRESSIVE;
				GCC_WARN_UNUSED_FUNCTION = YES;
				GCC_WARN_UNUSED_VARIABLE = YES;
				IPHONEOS_DEPLOYMENT_TARGET = 17.0;
				LOCALIZATION_PREFERS_STRING_CATALOGS = YES;
				MTL_ENABLE_DEBUG_INFO = NO;
				MTL_FAST_MATH = YES;
				SDKROOT = iphoneos;
				SWIFT_COMPILATION_MODE = wholemodule;
				VALIDATE_PRODUCT = YES;
			};
			name = Release;
		};
		C00416402B2C59600066554C /* Debug */ = {
			isa = XCBuildConfiguration;
			buildSettings = {
				ASSETCATALOG_COMPILER_APPICON_NAME = AppIcon;
				ASSETCATALOG_COMPILER_GLOBAL_ACCENT_COLOR_NAME = AccentColor;
				CODE_SIGN_STYLE = Automatic;
				CURRENT_PROJECT_VERSION = 1;
				DEVELOPMENT_ASSET_PATHS = "\"map_t/Preview Content\"";
				ENABLE_PREVIEWS = YES;
				GENERATE_INFOPLIST_FILE = YES;
				INFOPLIST_KEY_UIApplicationSceneManifest_Generation = YES;
				INFOPLIST_KEY_UIApplicationSupportsIndirectInputEvents = YES;
				INFOPLIST_KEY_UILaunchScreen_Generation = YES;
				INFOPLIST_KEY_UISupportedInterfaceOrientations_iPad = "UIInterfaceOrientationPortrait UIInterfaceOrientationPortraitUpsideDown UIInterfaceOrientationLandscapeLeft UIInterfaceOrientationLandscapeRight";
				INFOPLIST_KEY_UISupportedInterfaceOrientations_iPhone = "UIInterfaceOrientationPortrait UIInterfaceOrientationLandscapeLeft UIInterfaceOrientationLandscapeRight";
				LD_RUNPATH_SEARCH_PATHS = (
					"$(inherited)",
					"@executable_path/Frameworks",
				);
				MARKETING_VERSION = 1.0;
				PRODUCT_BUNDLE_IDENTIFIER = "com.example.map-t";
				PRODUCT_NAME = "$(TARGET_NAME)";
				SWIFT_EMIT_LOC_STRINGS = YES;
				SWIFT_VERSION = 5.0;
				TARGETED_DEVICE_FAMILY = "1,2";
			};
			name = Debug;
		};
		C00416412B2C59600066554C /* Release */ = {
			isa = XCBuildConfiguration;
			buildSettings = {
				ASSETCATALOG_COMPILER_APPICON_NAME = AppIcon;
				ASSETCATALOG_COMPILER_GLOBAL_ACCENT_COLOR_NAME = AccentColor;
				CODE_SIGN_STYLE = Automatic;
				CURRENT_PROJECT_VERSION = 1;
				DEVELOPMENT_ASSET_PATHS = "\"map_t/Preview Content\"";
				ENABLE_PREVIEWS = YES;
				GENERATE_INFOPLIST_FILE = YES;
				INFOPLIST_KEY_UIApplicationSceneManifest_Generation = YES;
				INFOPLIST_KEY_UIApplicationSupportsIndirectInputEvents = YES;
				INFOPLIST_KEY_UILaunchScreen_Generation = YES;
				INFOPLIST_KEY_UISupportedInterfaceOrientations_iPad = "UIInterfaceOrientationPortrait UIInterfaceOrientationPortraitUpsideDown UIInterfaceOrientationLandscapeLeft UIInterfaceOrientationLandscapeRight";
				INFOPLIST_KEY_UISupportedInterfaceOrientations_iPhone = "UIInterfaceOrientationPortrait UIInterfaceOrientationLandscapeLeft UIInterfaceOrientationLandscapeRight";
				LD_RUNPATH_SEARCH_PATHS = (
					"$(inherited)",
					"@executable_path/Frameworks",
				);
				MARKETING_VERSION = 1.0;
				PRODUCT_BUNDLE_IDENTIFIER = "com.example.map-t";
				PRODUCT_NAME = "$(TARGET_NAME)";
				SWIFT_EMIT_LOC_STRINGS = YES;
				SWIFT_VERSION = 5.0;
				TARGETED_DEVICE_FAMILY = "1,2";
			};
			name = Release;
		};
		C00416432B2C59600066554C /* Debug */ = {
			isa = XCBuildConfiguration;
			buildSettings = {
				ALWAYS_EMBED_SWIFT_STANDARD_LIBRARIES = YES;
				BUNDLE_LOADER = "$(TEST_HOST)";
				CODE_SIGN_STYLE = Automatic;
				CURRENT_PROJECT_VERSION = 1;
				GENERATE_INFOPLIST_FILE = YES;
				IPHONEOS_DEPLOYMENT_TARGET = 17.0;
				MARKETING_VERSION = 1.0;
				PRODUCT_BUNDLE_IDENTIFIER = "com.example.map-tTests";
				PRODUCT_NAME = "$(TARGET_NAME)";
				SWIFT_EMIT_LOC_STRINGS = NO;
				SWIFT_VERSION = 5.0;
				TARGETED_DEVICE_FAMILY = "1,2";
				TEST_HOST = "$(BUILT_PRODUCTS_DIR)/map_t.app/$(BUNDLE_EXECUTABLE_FOLDER_PATH)/map_t";
			};
			name = Debug;
		};
		C00416442B2C59600066554C /* Release */ = {
			isa = XCBuildConfiguration;
			buildSettings = {
				ALWAYS_EMBED_SWIFT_STANDARD_LIBRARIES = YES;
				BUNDLE_LOADER = "$(TEST_HOST)";
				CODE_SIGN_STYLE = Automatic;
				CURRENT_PROJECT_VERSION = 1;
				GENERATE_INFOPLIST_FILE = YES;
				IPHONEOS_DEPLOYMENT_TARGET = 17.0;
				MARKETING_VERSION = 1.0;
				PRODUCT_BUNDLE_IDENTIFIER = "com.example.map-tTests";
				PRODUCT_NAME = "$(TARGET_NAME)";
				SWIFT_EMIT_LOC_STRINGS = NO;
				SWIFT_VERSION = 5.0;
				TARGETED_DEVICE_FAMILY = "1,2";
				TEST_HOST = "$(BUILT_PRODUCTS_DIR)/map_t.app/$(BUNDLE_EXECUTABLE_FOLDER_PATH)/map_t";
			};
			name = Release;
		};
		C00416462B2C59600066554C /* Debug */ = {
			isa = XCBuildConfiguration;
			buildSettings = {
				ALWAYS_EMBED_SWIFT_STANDARD_LIBRARIES = YES;
				CODE_SIGN_STYLE = Automatic;
				CURRENT_PROJECT_VERSION = 1;
				GENERATE_INFOPLIST_FILE = YES;
				MARKETING_VERSION = 1.0;
				PRODUCT_BUNDLE_IDENTIFIER = "com.example.map-tUITests";
				PRODUCT_NAME = "$(TARGET_NAME)";
				SWIFT_EMIT_LOC_STRINGS = NO;
				SWIFT_VERSION = 5.0;
				TARGETED_DEVICE_FAMILY = "1,2";
				TEST_TARGET_NAME = map_t;
			};
			name = Debug;
		};
		C00416472B2C59600066554C /* Release */ = {
			isa = XCBuildConfiguration;
			buildSettings = {
				ALWAYS_EMBED_SWIFT_STANDARD_LIBRARIES = YES;
				CODE_SIGN_STYLE = Automatic;
				CURRENT_PROJECT_VERSION = 1;
				GENERATE_INFOPLIST_FILE = YES;
				MARKETING_VERSION = 1.0;
				PRODUCT_BUNDLE_IDENTIFIER = "com.example.map-tUITests";
				PRODUCT_NAME = "$(TARGET_NAME)";
				SWIFT_EMIT_LOC_STRINGS = NO;
				SWIFT_VERSION = 5.0;
				TARGETED_DEVICE_FAMILY = "1,2";
				TEST_TARGET_NAME = map_t;
			};
			name = Release;
		};
/* End XCBuildConfiguration section */

/* Begin XCConfigurationList section */
		C00416162B2C595E0066554C /* Build configuration list for PBXProject "map_t" */ = {
			isa = XCConfigurationList;
			buildConfigurations = (
				C004163D2B2C59600066554C /* Debug */,
				C004163E2B2C59600066554C /* Release */,
			);
			defaultConfigurationIsVisible = 0;
			defaultConfigurationName = Release;
		};
		C004163F2B2C59600066554C /* Build configuration list for PBXNativeTarget "map_t" */ = {
			isa = XCConfigurationList;
			buildConfigurations = (
				C00416402B2C59600066554C /* Debug */,
				C00416412B2C59600066554C /* Release */,
			);
			defaultConfigurationIsVisible = 0;
			defaultConfigurationName = Release;
		};
		C00416422B2C59600066554C /* Build configuration list for PBXNativeTarget "map_tTests" */ = {
			isa = XCConfigurationList;
			buildConfigurations = (
				C00416432B2C59600066554C /* Debug */,
				C00416442B2C59600066554C /* Release */,
			);
			defaultConfigurationIsVisible = 0;
			defaultConfigurationName = Release;
		};
		C00416452B2C59600066554C /* Build configuration list for PBXNativeTarget "map_tUITests" */ = {
			isa = XCConfigurationList;
			buildConfigurations = (
				C00416462B2C59600066554C /* Debug */,
				C00416472B2C59600066554C /* Release */,
			);
			defaultConfigurationIsVisible = 0;
			defaultConfigurationName = Release;
		};
/* End XCConfigurationList section */
	};
	rootObject = C00416132B2C595E0066554C /* Project object */;
}
